
Microsoft Visual Studio Solution File, Format Version 12.00
# Visual Studio 15
Project("{FAE04EC0-301F-11D3-BF4B-00C04F79EFBC}") = "BankApp.Web", "BankApp.Web\BankApp.Web.csproj", "{683EB255-F2E8-4B96-8774-84433E513986}"
EndProject
Global
	GlobalSection(SolutionConfigurationPlatforms) = preSolution
		Debug|Any CPU = Debug|Any CPU
		Release|Any CPU = Release|Any CPU
	EndGlobalSection
	GlobalSection(ProjectConfigurationPlatforms) = postSolution
		{683EB255-F2E8-4B96-8774-84433E513986}.Debug|Any CPU.ActiveCfg = Debug|Any CPU
		{683EB255-F2E8-4B96-8774-84433E513986}.Debug|Any CPU.Build.0 = Debug|Any CPU
		{683EB255-F2E8-4B96-8774-84433E513986}.Release|Any CPU.ActiveCfg = Release|Any CPU
		{683EB255-F2E8-4B96-8774-84433E513986}.Release|Any CPU.Build.0 = Release|Any CPU
	EndGlobalSection
EndGlobal
